
Microsoft Visual Studio Solution File, Format Version 12.00
# Visual Studio 15
VisualStudioVersion = 15.0.27004.2008
MinimumVisualStudioVersion = 10.0.40219.1
Project("{FAE04EC0-301F-11D3-BF4B-00C04F79EFBC}") = "HW1", "HW1.csproj", "{766117BF-2A42-4924-A1B7-000AD5B2E1F6}"
EndProject
Global
	GlobalSection(SolutionConfigurationPlatforms) = preSolution
		Debug|Any CPU = Debug|Any CPU
		Release|Any CPU = Release|Any CPU
	EndGlobalSection
	GlobalSection(ProjectConfigurationPlatforms) = postSolution
		{766117BF-2A42-4924-A1B7-000AD5B2E1F6}.Debug|Any CPU.ActiveCfg = Debug|Any CPU
		{766117BF-2A42-4924-A1B7-000AD5B2E1F6}.Debug|Any CPU.Build.0 = Debug|Any CPU
		{766117BF-2A42-4924-A1B7-000AD5B2E1F6}.Release|Any CPU.ActiveCfg = Release|Any CPU
		{766117BF-2A42-4924-A1B7-000AD5B2E1F6}.Release|Any CPU.Build.0 = Release|Any CPU
	EndGlobalSection
	GlobalSection(SolutionProperties) = preSolution
		HideSolutionNode = FALSE
	EndGlobalSection
	GlobalSection(ExtensibilityGlobals) = postSolution
		SolutionGuid = {48631AE8-6FFA-48D3-AACB-2E884C42229A}
	EndGlobalSection
EndGlobal
